PODS:
  - Alamofire (4.7.3)
  - APIKit (3.2.1):
    - Result (~> 3.0)
  - BGFMDB (2.0.13):
    - BGFMDB/BG (= 2.0.13)
    - BGFMDB/FMDB (= 2.0.13)
  - BGFMDB/BG (2.0.13):
    - BGFMDB/FMDB
  - BGFMDB/FMDB (2.0.13)
  - BigInt (3.1.0):
    - SipHash (~> 1.2)
  - CryptoSwift (0.13.0)
  - dsBridge (3.0.6)
  - Eureka (4.2.0)
  - Firebase/Core (5.4.1):
    - Firebase/CoreOnly
    - FirebaseAnalytics (= 5.0.1)
  - Firebase/CoreOnly (5.4.1):
    - FirebaseCore (= 5.0.6)
  - FirebaseAnalytics (5.0.1):
    - FirebaseCore (~> 5.0)
    - FirebaseInstanceID (~> 3.0)
    - "GoogleToolboxForMac/NSData+zlib (~> 2.1)"
    - nanopb (~> 0.3)
  - FirebaseCore (5.0.6):
    - "GoogleToolboxForMac/NSData+zlib (~> 2.1)"
  - FirebaseInstanceID (3.1.1):
    - FirebaseCore (~> 5.0)
  - GoogleToolboxForMac/Defines (2.1.4)
  - "GoogleToolboxForMac/NSData+zlib (2.1.4)":
    - GoogleToolboxForMac/Defines (= 2.1.4)
  - JSONRPCKit (3.0.0):
    - Result (~> 3.2.0)
  - KeychainSwift (13.0.0)
  - Moya (10.0.2):
    - Moya/Core (= 10.0.2)
  - Moya/Core (10.0.2):
    - Alamofire (~> 4.1)
    - Result (~> 3.0)
  - nanopb (0.3.901):
    - nanopb/decode (= 0.3.901)
    - nanopb/encode (= 0.3.901)
  - nanopb/decode (0.3.901)
  - nanopb/encode (0.3.901)
  - NinaPagerView (1.6.3)
  - OLImageView (1.5.1):
    - OLImageView/Core (= 1.5.1)
  - OLImageView/Core (1.5.1)
  - PromiseKit (6.5.2):
    - PromiseKit/CorePromise (= 6.5.2)
    - PromiseKit/Foundation (= 6.5.2)
    - PromiseKit/UIKit (= 6.5.2)
  - PromiseKit/CorePromise (6.5.2)
  - PromiseKit/Foundation (6.5.2):
    - PromiseKit/CorePromise
  - PromiseKit/UIKit (6.5.2):
    - PromiseKit/CorePromise
  - R.swift (4.0.0):
    - R.swift.Library (~> 4.0.0)
  - R.swift.Library (4.0.0)
  - Result (3.2.4)
  - SipHash (1.2.2)
  - TrezorCrypto (0.0.9)
  - TrustCore (0.0.7):
    - BigInt
    - TrezorCrypto (~> 0.0.6)
  - TrustKeystore (0.4.1):
    - BigInt
    - CryptoSwift
    - TrezorCrypto (~> 0.0.6)
    - TrustCore
  - TrustWalletSDK (0.0.1):
    - Result
    - TrustCore
  - TrustWeb3Provider (0.1.7)
  - TTGTagCollectionView (1.11.1)
  - TYCyclePagerView (1.2.0)

DEPENDENCIES:
  - APIKit
  - BGFMDB
  - BigInt (~> 3.0)
  - dsBridge
  - Eureka (= 4.2.0)
  - Firebase/Core (~> 5.4.1)
  - JSONRPCKit (= 3.0.0)
  - KeychainSwift
  - Moya (~> 10.0.1)
  - NinaPagerView
  - OLImageView
  - PromiseKit (~> 6.0)
  - R.swift
  - TrustCore (from `https://github.com/TrustWallet/trust-core`, branch `master`)
  - TrustKeystore (from `https://github.com/TrustWallet/trust-keystore`, branch `master`)
  - TrustWalletSDK (from `https://github.com/TrustWallet/TrustSDK-iOS`, branch `master`)
  - TrustWeb3Provider (from `https://github.com/TrustWallet/trust-web3-provider`, commit `f4e0ebb1b8fa4812637babe85ef975d116543dfd`)
  - TTGTagCollectionView
  - TYCyclePagerView

SPEC REPOS:
  https://github.com/cocoapods/specs.git:
    - Alamofire
    - APIKit
    - BGFMDB
    - BigInt
    - CryptoSwift
    - dsBridge
    - Eureka
    - Firebase
    - FirebaseAnalytics
    - FirebaseCore
    - FirebaseInstanceID
    - GoogleToolboxForMac
    - JSONRPCKit
    - KeychainSwift
    - Moya
    - nanopb
    - NinaPagerView
    - OLImageView
    - PromiseKit
    - R.swift
    - R.swift.Library
    - Result
    - SipHash
    - TrezorCrypto
    - TTGTagCollectionView
    - TYCyclePagerView

EXTERNAL SOURCES:
  TrustCore:
    :branch: master
    :git: https://github.com/TrustWallet/trust-core
  TrustKeystore:
    :branch: master
    :git: https://github.com/TrustWallet/trust-keystore
  TrustWalletSDK:
    :branch: master
    :git: https://github.com/TrustWallet/TrustSDK-iOS
  TrustWeb3Provider:
    :commit: f4e0ebb1b8fa4812637babe85ef975d116543dfd
    :git: https://github.com/TrustWallet/trust-web3-provider

CHECKOUT OPTIONS:
  TrustCore:
    :commit: f987ee12f98c2df9d1538d86448dd8e671669350
    :git: https://github.com/TrustWallet/trust-core
  TrustKeystore:
    :commit: 5829d9631af1572c65108692a09d823c504aea7b
    :git: https://github.com/TrustWallet/trust-keystore
  TrustWalletSDK:
    :commit: 99eb1456c6ebf1ce6a2dca15731ff99d69f93eb0
    :git: https://github.com/TrustWallet/TrustSDK-iOS
  TrustWeb3Provider:
    :commit: f4e0ebb1b8fa4812637babe85ef975d116543dfd
    :git: https://github.com/TrustWallet/trust-web3-provider

SPEC CHECKSUMS:
  Alamofire: c7287b6e5d7da964a70935e5db17046b7fde6568
  APIKit: a39ff72ac44efc15513fd1b98800f63c525be61b
  BGFMDB: 48e6823027232402a678acc7f71484b1fc9171d0
  BigInt: 76b5dfdfa3e2e478d4ffdf161aeede5502e2742f
  CryptoSwift: 16e78bebf567bad1c87b2d58f6547f25b74c31aa
  dsBridge: 48b62ee8a411ad601a88d6f6c8cf6cb634b206b7
  Eureka: 0748c7bbb2560130e43c7bfa83e99c98854a1f42
  Firebase: 355bd535bfdacaa82a7fe8d9784115edefd6fc03
  FirebaseAnalytics: b3628aea54c50464c32c393fb2ea032566e7ecc2
  FirebaseCore: 4c28e3b9708ba48a765e76515f913a71596eb5dd
  FirebaseInstanceID: f3f0657372592ecdfdfe2cac604a5a75758376a6
  GoogleToolboxForMac: 91c824d21e85b31c2aae9bb011c5027c9b4e738f
  JSONRPCKit: 50e0dc5e7f873e87f81562feb8836b7d1974da6d
  KeychainSwift: 23d6c16cbc33f20fafa30c3d783241b4b87d998c
  Moya: 2b0531a9fef318e0bc484030c3db1e6f279ccb66
  nanopb: 2901f78ea1b7b4015c860c2fdd1ea2fee1a18d48
  NinaPagerView: 4a245c33df8c5212fbde3c32ce39a3765eb334bc
  OLImageView: e03cd533ce6b1a155acb9f708ab9b2e71ea070d5
  PromiseKit: 27c1601bfb73405871b805bcb8cf7e55c4dad3db
  R.swift: d6a5ec2f55a8441dc0ed9f1f8b37d7d11ae85c66
  R.swift.Library: c3af34921024333546e23b70e70d0b4e0cffca75
  Result: d2d07204ce72856f1fd9130bbe42c35a7b0fea10
  SipHash: fad90a4683e420c52ef28063063dbbce248ea6d4
  TrezorCrypto: bfeea47a052dca2c77d4a39e1e183865e52de14d
  TrustCore: 6c7deb45f03664d650da712bb5a19b33df0534a6
  TrustKeystore: c54b52ade9c97d31d23ded9ae2518c62dd73b5fe
  TrustWalletSDK: 12451433bda69bc07e5a27408449b1f4692879e4
  TrustWeb3Provider: 50fa391bdf170feb43dd4419992931510a5751d8
  TTGTagCollectionView: 86fcbfa6a7493c9e860b01c2e693cffc8acf6de1
  TYCyclePagerView: 2b051dade0615c70784aa34f40c646feeddb7344

PODFILE CHECKSUM: 6a28f93ee194ecee064c11dbb3385968e808a85d

COCOAPODS: 1.6.1
