PODS:
  - Alamofire (4.8.2)
  - BGFMDB (2.0.13):
    - BGFMDB/BG (= 2.0.13)
    - BGFMDB/FMDB (= 2.0.13)
  - BGFMDB/BG (2.0.13):
    - BGFMDB/FMDB
  - BGFMDB/FMDB (2.0.13)
  - BigInt (3.1.0):
    - SipHash (~> 1.2)
  - CryptoSwift (0.13.0)
  - dsBridge (3.0.6)
  - Firebase/Analytics (6.6.0):
    - Firebase/Core
  - Firebase/Core (6.6.0):
    - Firebase/CoreOnly
    - FirebaseAnalytics (= 6.1.0)
  - Firebase/CoreOnly (6.6.0):
    - FirebaseCore (= 6.2.0)
  - FirebaseAnalytics (6.1.0):
    - FirebaseCore (~> 6.2)
    - FirebaseInstanceID (~> 4.2)
    - GoogleAppMeasurement (= 6.1.0)
    - GoogleUtilities/AppDelegateSwizzler (~> 6.0)
    - GoogleUtilities/MethodSwizzler (~> 6.0)
    - GoogleUtilities/Network (~> 6.0)
    - "GoogleUtilities/NSData+zlib (~> 6.0)"
    - nanopb (~> 0.3)
  - FirebaseCore (6.2.0):
    - FirebaseCoreDiagnostics (~> 1.0)
    - FirebaseCoreDiagnosticsInterop (~> 1.0)
    - GoogleUtilities/Environment (~> 6.2)
    - GoogleUtilities/Logger (~> 6.2)
  - FirebaseCoreDiagnostics (1.0.1):
    - FirebaseCoreDiagnosticsInterop (~> 1.0)
    - GoogleDataTransportCCTSupport (~> 1.0)
    - GoogleUtilities/Environment (~> 6.2)
    - GoogleUtilities/Logger (~> 6.2)
  - FirebaseCoreDiagnosticsInterop (1.0.0)
  - FirebaseInstanceID (4.2.3):
    - FirebaseCore (~> 6.0)
    - GoogleUtilities/Environment (~> 6.0)
    - GoogleUtilities/UserDefaults (~> 6.0)
  - GoogleAppMeasurement (6.1.0):
    - GoogleUtilities/AppDelegateSwizzler (~> 6.0)
    - GoogleUtilities/MethodSwizzler (~> 6.0)
    - GoogleUtilities/Network (~> 6.0)
    - "GoogleUtilities/NSData+zlib (~> 6.0)"
    - nanopb (~> 0.3)
  - GoogleDataTransport (1.1.1)
  - GoogleDataTransportCCTSupport (1.0.1):
    - GoogleDataTransport (~> 1.1)
    - nanopb
  - GoogleUtilities/AppDelegateSwizzler (6.2.5):
    - GoogleUtilities/Environment
    - GoogleUtilities/Logger
    - GoogleUtilities/Network
  - GoogleUtilities/Environment (6.2.5)
  - GoogleUtilities/Logger (6.2.5):
    - GoogleUtilities/Environment
  - GoogleUtilities/MethodSwizzler (6.2.5):
    - GoogleUtilities/Logger
  - GoogleUtilities/Network (6.2.5):
    - GoogleUtilities/Logger
    - "GoogleUtilities/NSData+zlib"
    - GoogleUtilities/Reachability
  - "GoogleUtilities/NSData+zlib (6.2.5)"
  - GoogleUtilities/Reachability (6.2.5):
    - GoogleUtilities/Logger
  - GoogleUtilities/UserDefaults (6.2.5):
    - GoogleUtilities/Logger
  - JSONRPCKit (3.0.0):
    - Result (~> 3.2.0)
  - Moya (10.0.2):
    - Moya/Core (= 10.0.2)
  - Moya/Core (10.0.2):
    - Alamofire (~> 4.1)
    - Result (~> 3.0)
  - nanopb (0.3.901):
    - nanopb/decode (= 0.3.901)
    - nanopb/encode (= 0.3.901)
  - nanopb/decode (0.3.901)
  - nanopb/encode (0.3.901)
  - NinaPagerView (1.6.3)
  - PromiseKit (6.10.0):
    - PromiseKit/CorePromise (= 6.10.0)
    - PromiseKit/Foundation (= 6.10.0)
    - PromiseKit/UIKit (= 6.10.0)
  - PromiseKit/CorePromise (6.10.0)
  - PromiseKit/Foundation (6.10.0):
    - PromiseKit/CorePromise
  - PromiseKit/UIKit (6.10.0):
    - PromiseKit/CorePromise
  - R.swift (5.0.3):
    - R.swift.Library (~> 5.0.0)
  - R.swift.Library (5.0.1)
  - Result (3.2.4)
  - SipHash (1.2.2)
  - TrezorCrypto (0.0.9)
  - TrustCore (0.0.7):
    - BigInt
    - TrezorCrypto (~> 0.0.6)
  - TrustKeystore (0.4.1):
    - BigInt
    - CryptoSwift
    - TrezorCrypto (~> 0.0.6)
    - TrustCore
  - TrustWalletSDK (0.0.1):
    - Result
    - TrustCore
  - TrustWeb3Provider (0.1.7)
  - TTGTagCollectionView (1.11.1)
  - TYCyclePagerView (1.2.0)

DEPENDENCIES:
  - BGFMDB
  - BigInt (~> 3.0)
  - dsBridge
  - Firebase/Analytics (~> 6.6.0)
  - JSONRPCKit
  - Moya (~> 10.0.1)
  - NinaPagerView
  - PromiseKit
  - R.swift
  - TrustCore (from `https://github.com/TrustWallet/trust-core`, branch `master`)
  - TrustKeystore (from `https://github.com/TrustWallet/trust-keystore`, branch `master`)
  - TrustWalletSDK (from `https://github.com/TrustWallet/TrustSDK-iOS`, branch `master`)
  - TrustWeb3Provider (from `https://github.com/TrustWallet/trust-web3-provider`, commit `f4e0ebb1b8fa4812637babe85ef975d116543dfd`)
  - TTGTagCollectionView
  - TYCyclePagerView

SPEC REPOS:
  https://github.com/cocoapods/specs.git:
    - Alamofire
    - BGFMDB
    - BigInt
    - CryptoSwift
    - dsBridge
    - Firebase
    - FirebaseAnalytics
    - FirebaseCore
    - FirebaseCoreDiagnostics
    - FirebaseCoreDiagnosticsInterop
    - FirebaseInstanceID
    - GoogleAppMeasurement
    - GoogleDataTransport
    - GoogleDataTransportCCTSupport
    - GoogleUtilities
    - JSONRPCKit
    - Moya
    - nanopb
    - NinaPagerView
    - PromiseKit
    - R.swift
    - R.swift.Library
    - Result
    - SipHash
    - TrezorCrypto
    - TTGTagCollectionView
    - TYCyclePagerView

EXTERNAL SOURCES:
  TrustCore:
    :branch: master
    :git: https://github.com/TrustWallet/trust-core
  TrustKeystore:
    :branch: master
    :git: https://github.com/TrustWallet/trust-keystore
  TrustWalletSDK:
    :branch: master
    :git: https://github.com/TrustWallet/TrustSDK-iOS
  TrustWeb3Provider:
    :commit: f4e0ebb1b8fa4812637babe85ef975d116543dfd
    :git: https://github.com/TrustWallet/trust-web3-provider

CHECKOUT OPTIONS:
  TrustCore:
    :commit: f987ee12f98c2df9d1538d86448dd8e671669350
    :git: https://github.com/TrustWallet/trust-core
  TrustKeystore:
    :commit: 5829d9631af1572c65108692a09d823c504aea7b
    :git: https://github.com/TrustWallet/trust-keystore
  TrustWalletSDK:
    :commit: 99eb1456c6ebf1ce6a2dca15731ff99d69f93eb0
    :git: https://github.com/TrustWallet/TrustSDK-iOS
  TrustWeb3Provider:
    :commit: f4e0ebb1b8fa4812637babe85ef975d116543dfd
    :git: https://github.com/TrustWallet/trust-web3-provider

SPEC CHECKSUMS:
  Alamofire: ae5c501addb7afdbb13687d7f2f722c78734c2d3
  BGFMDB: 48e6823027232402a678acc7f71484b1fc9171d0
  BigInt: 76b5dfdfa3e2e478d4ffdf161aeede5502e2742f
  CryptoSwift: 16e78bebf567bad1c87b2d58f6547f25b74c31aa
  dsBridge: 48b62ee8a411ad601a88d6f6c8cf6cb634b206b7
  Firebase: a2b5951f30ff38fd3b3bdae9c7d340f940fd3c51
  FirebaseAnalytics: 48414ae5cbf6976d8a2f7177e0466540e5ab33ce
  FirebaseCore: 8c9e08bce0c72a3affd83927d8184cf244918bc8
  FirebaseCoreDiagnostics: 4c04ae09d0ab027c30179828c6bb47764df1bd13
  FirebaseCoreDiagnosticsInterop: 6829da2b8d1fc795ff1bd99df751d3788035d2cb
  FirebaseInstanceID: 8b42755db950682e7de0d167bc6fb26a57b244af
  GoogleAppMeasurement: 47285fa897e5a125df56b9ef8750a1d81e4598a8
  GoogleDataTransport: ffbadce4ab93c88fb9dd8e6366c47bfcb4a32193
  GoogleDataTransportCCTSupport: 3451e7d8ba19093e533362a6d78d6d9014c6a037
  GoogleUtilities: e7dc37039b19df7fe543479d3e4a02ac8d11bb69
  JSONRPCKit: 50e0dc5e7f873e87f81562feb8836b7d1974da6d
  Moya: 2b0531a9fef318e0bc484030c3db1e6f279ccb66
  nanopb: 2901f78ea1b7b4015c860c2fdd1ea2fee1a18d48
  NinaPagerView: 4a245c33df8c5212fbde3c32ce39a3765eb334bc
  PromiseKit: 1fdaeb6c0a94a5114fcb814ff3d772b86886ad4e
  R.swift: f5a87643b91ea569d23d6afb3eee9c743edde239
  R.swift.Library: cfe85d569d9bae6cb262922db130e7c3a7a5fad1
  Result: d2d07204ce72856f1fd9130bbe42c35a7b0fea10
  SipHash: fad90a4683e420c52ef28063063dbbce248ea6d4
  TrezorCrypto: bfeea47a052dca2c77d4a39e1e183865e52de14d
  TrustCore: 3f0a67efb643c14cedefdb6ca0e720de4702bb91
  TrustKeystore: c54b52ade9c97d31d23ded9ae2518c62dd73b5fe
  TrustWalletSDK: f5c609b94df568afad223b5b884b5eda153cf1c0
  TrustWeb3Provider: 50fa391bdf170feb43dd4419992931510a5751d8
  TTGTagCollectionView: 86fcbfa6a7493c9e860b01c2e693cffc8acf6de1
  TYCyclePagerView: 2b051dade0615c70784aa34f40c646feeddb7344

PODFILE CHECKSUM: 9145b83d172edb91dd3ee972a60645caac1ce276

COCOAPODS: 1.7.5
